{
  "requires": true,
  "lockfileVersion": 1,
  "dependencies": {
    "@angular/animations": {
      "version": "7.2.11",
      "resolved": "https://registry.npmjs.org/@angular/animations/-/animations-7.2.11.tgz",
      "integrity": "sha512-YlZATC4Gnd3eOBuSW/QqsMPHeJWVKR8yfen2qKgFO3waK+6qXHXIdRF3j81l07jlUx5kBw+f1OCEeHl2QChBiw==",
      "requires": {
        "tslib": "^1.9.0"
      }
    },
    "@angular/cdk": {
      "version": "7.3.6",
      "resolved": "https://registry.npmjs.org/@angular/cdk/-/cdk-7.3.6.tgz",
      "integrity": "sha512-ZuOz8nQk0bdo8YyNFcwnmSl4MPaQDAFTbLK29w4Vd/LfPnhBI3pAr0wVuPFb0fl3eSvvUrfTb/+kPbQcE07A0A==",
      "requires": {
        "parse5": "^5.0.0",
        "tslib": "^1.7.1"
      }
    },
    "@angular/material": {
      "version": "7.3.6",
      "resolved": "https://registry.npmjs.org/@angular/material/-/material-7.3.6.tgz",
      "integrity": "sha512-yRQlB0+KO0BilpK9Eg8Sv+T1hJZEWgQ2YGTxnIsgc6DhYM/IHk165iN5KMj3MBJq425z16xEEP6GqDzjTwp+pA==",
      "requires": {
        "tslib": "^1.7.1"
      }
    },
    "angular": {
      "version": "1.7.8",
      "resolved": "https://registry.npmjs.org/angular/-/angular-1.7.8.tgz",
      "integrity": "sha512-wtef/y4COxM7ZVhddd7JtAAhyYObq9YXKar9tsW7558BImeVYteJiTxCKeJOL45lJ/+7B4wrAC49j8gTFYEthg=="
    },
    "angular-material": {
      "version": "1.1.17",
      "resolved": "https://registry.npmjs.org/angular-material/-/angular-material-1.1.17.tgz",
      "integrity": "sha512-PenTkOngqjoAN0Tahpo0fr7qNqrF0PRNRhJn+fnmAW3GdJyP+IV2UTl6ksoebyeEiV8mq65LfwCcsMjTS+MucA=="
    },
    "parse5": {
      "version": "5.1.0",
      "resolved": "https://registry.npmjs.org/parse5/-/parse5-5.1.0.tgz",
      "integrity": "sha512-fxNG2sQjHvlVAYmzBZS9YlDp6PTSSDwa98vkD4QgVDDCAo84z5X1t5XyJQ62ImdLXx5NdIIfihey6xpum9/gRQ=="
    },
    "tslib": {
      "version": "1.9.3",
      "resolved": "https://registry.npmjs.org/tslib/-/tslib-1.9.3.tgz",
      "integrity": "sha512-4krF8scpejhaOgqzBEcGM7yDIEfi0/8+8zDRZhNZZ2kjmHJ4hv3zCbQWxoJGz1iw5U0Jl0nma13xzHXcncMavQ=="
    }
  }
}
